
Microsoft Visual Studio Solution File, Format Version 12.00
# Visual Studio Version 17
VisualStudioVersion = 17.4.33122.133
MinimumVisualStudioVersion = 10.0.40219.1
Project("{9A19103F-16F7-4668-BE54-9A1E7A4F7556}") = "Csharp", "..\Csharp.csproj", "{90396075-5378-4647-9C3C-2700C12DEE8C}"
EndProject
Global
	GlobalSection(SolutionConfigurationPlatforms) = preSolution
		Debug|Any CPU = Debug|Any CPU
		Release|Any CPU = Release|Any CPU
	EndGlobalSection
	GlobalSection(ProjectConfigurationPlatforms) = postSolution
		{90396075-5378-4647-9C3C-2700C12DEE8C}.Debug|Any CPU.ActiveCfg = Debug|Any CPU
		{90396075-5378-4647-9C3C-2700C12DEE8C}.Debug|Any CPU.Build.0 = Debug|Any CPU
		{90396075-5378-4647-9C3C-2700C12DEE8C}.Release|Any CPU.ActiveCfg = Release|Any CPU
		{90396075-5378-4647-9C3C-2700C12DEE8C}.Release|Any CPU.Build.0 = Release|Any CPU
	EndGlobalSection
	GlobalSection(SolutionProperties) = preSolution
		HideSolutionNode = FALSE
	EndGlobalSection
	GlobalSection(ExtensibilityGlobals) = postSolution
		SolutionGuid = {AD0AA686-BAC0-4CF4-BCFF-A4C42E8FE718}
	EndGlobalSection
EndGlobal
